{
  "version": 4,
  "terraform_version": "1.6.5",
  "serial": 18,
  "lineage": "7bcaa40f-dd64-ba22-f7e1-05f6d472c833",
  "outputs": {
    "admin_password": {
      "value": "Av\u00264yXxkZOw\u003eLkK?3b{x",
      "type": "string",
      "sensitive": true
    },
    "public_ip_address": {
      "value": "20.124.106.129",
      "type": "string"
    },
    "resource_group_name": {
      "value": "win-vm-iis-gnat-rg",
      "type": "string"
    }
  },
  "resources": [
    {
      "mode": "managed",
      "type": "azurerm_network_interface",
      "name": "my_terraform_nic",
      "provider": "provider[\"registry.terraform.io/hashicorp/azurerm\"]",
      "instances": [
        {
          "schema_version": 0,
          "attributes": {
            "applied_dns_servers": [],
            "dns_servers": [],
            "edge_zone": "",
            "enable_accelerated_networking": false,
            "enable_ip_forwarding": false,
            "id": "/subscriptions/c03bcbf0-1d94-4574-b314-20c75a5b3fb6/resourceGroups/win-vm-iis-gnat-rg/providers/Microsoft.Network/networkInterfaces/win-vm-iis-gnat-nic",
            "internal_dns_name_label": "",
            "internal_domain_name_suffix": "",
            "ip_configuration": [
              {
                "gateway_load_balancer_frontend_ip_configuration_id": "",
                "name": "my_nic_configuration",
                "primary": true,
                "private_ip_address": "10.0.1.4",
                "private_ip_address_allocation": "Dynamic",
                "private_ip_address_version": "IPv4",
                "public_ip_address_id": "/subscriptions/c03bcbf0-1d94-4574-b314-20c75a5b3fb6/resourceGroups/win-vm-iis-gnat-rg/providers/Microsoft.Network/publicIPAddresses/win-vm-iis-gnat-public-ip",
                "subnet_id": "/subscriptions/c03bcbf0-1d94-4574-b314-20c75a5b3fb6/resourceGroups/win-vm-iis-gnat-rg/providers/Microsoft.Network/virtualNetworks/win-vm-iis-gnat-vnet/subnets/win-vm-iis-gnat-subnet"
              }
            ],
            "location": "eastus",
            "mac_address": "00-0D-3A-4E-D2-F5",
            "name": "win-vm-iis-gnat-nic",
            "private_ip_address": "10.0.1.4",
            "private_ip_addresses": [
              "10.0.1.4"
            ],
            "resource_group_name": "win-vm-iis-gnat-rg",
            "tags": {},
            "timeouts": null,
            "virtual_machine_id": ""
          },
          "sensitive_attributes": [],
          "private": "eyJlMmJmYjczMC1lY2FhLTExZTYtOGY4OC0zNDM2M2JjN2M0YzAiOnsiY3JlYXRlIjoxODAwMDAwMDAwMDAwLCJkZWxldGUiOjE4MDAwMDAwMDAwMDAsInJlYWQiOjMwMDAwMDAwMDAwMCwidXBkYXRlIjoxODAwMDAwMDAwMDAwfX0=",
          "dependencies": [
            "azurerm_public_ip.my_terraform_public_ip",
            "azurerm_resource_group.rg",
            "azurerm_subnet.my_terraform_subnet",
            "azurerm_virtual_network.my_terraform_network",
            "random_pet.prefix"
          ]
        }
      ]
    },
    {
      "mode": "managed",
      "type": "azurerm_network_interface_security_group_association",
      "name": "example",
      "provider": "provider[\"registry.terraform.io/hashicorp/azurerm\"]",
      "instances": [
        {
          "schema_version": 0,
          "attributes": {
            "id": "/subscriptions/c03bcbf0-1d94-4574-b314-20c75a5b3fb6/resourceGroups/win-vm-iis-gnat-rg/providers/Microsoft.Network/networkInterfaces/win-vm-iis-gnat-nic|/subscriptions/c03bcbf0-1d94-4574-b314-20c75a5b3fb6/resourceGroups/win-vm-iis-gnat-rg/providers/Microsoft.Network/networkSecurityGroups/win-vm-iis-gnat-nsg",
            "network_interface_id": "/subscriptions/c03bcbf0-1d94-4574-b314-20c75a5b3fb6/resourceGroups/win-vm-iis-gnat-rg/providers/Microsoft.Network/networkInterfaces/win-vm-iis-gnat-nic",
            "network_security_group_id": "/subscriptions/c03bcbf0-1d94-4574-b314-20c75a5b3fb6/resourceGroups/win-vm-iis-gnat-rg/providers/Microsoft.Network/networkSecurityGroups/win-vm-iis-gnat-nsg",
            "timeouts": null
          },
          "sensitive_attributes": [],
          "private": "eyJlMmJmYjczMC1lY2FhLTExZTYtOGY4OC0zNDM2M2JjN2M0YzAiOnsiY3JlYXRlIjoxODAwMDAwMDAwMDAwLCJkZWxldGUiOjE4MDAwMDAwMDAwMDAsInJlYWQiOjMwMDAwMDAwMDAwMCwidXBkYXRlIjoxODAwMDAwMDAwMDAwfX0=",
          "dependencies": [
            "azurerm_network_interface.my_terraform_nic",
            "azurerm_network_security_group.my_terraform_nsg",
            "azurerm_public_ip.my_terraform_public_ip",
            "azurerm_resource_group.rg",
            "azurerm_subnet.my_terraform_subnet",
            "azurerm_virtual_network.my_terraform_network",
            "random_pet.prefix"
          ]
        }
      ]
    },
    {
      "mode": "managed",
      "type": "azurerm_network_security_group",
      "name": "my_terraform_nsg",
      "provider": "provider[\"registry.terraform.io/hashicorp/azurerm\"]",
      "instances": [
        {
          "schema_version": 0,
          "attributes": {
            "id": "/subscriptions/c03bcbf0-1d94-4574-b314-20c75a5b3fb6/resourceGroups/win-vm-iis-gnat-rg/providers/Microsoft.Network/networkSecurityGroups/win-vm-iis-gnat-nsg",
            "location": "eastus",
            "name": "win-vm-iis-gnat-nsg",
            "resource_group_name": "win-vm-iis-gnat-rg",
            "security_rule": [
              {
                "access": "Allow",
                "description": "",
                "destination_address_prefix": "*",
                "destination_address_prefixes": [],
                "destination_application_security_group_ids": [],
                "destination_port_range": "3389",
                "destination_port_ranges": [],
                "direction": "Inbound",
                "name": "RDP",
                "priority": 1000,
                "protocol": "*",
                "source_address_prefix": "*",
                "source_address_prefixes": [],
                "source_application_security_group_ids": [],
                "source_port_range": "*",
                "source_port_ranges": []
              },
              {
                "access": "Allow",
                "description": "",
                "destination_address_prefix": "*",
                "destination_address_prefixes": [],
                "destination_application_security_group_ids": [],
                "destination_port_range": "80",
                "destination_port_ranges": [],
                "direction": "Inbound",
                "name": "web",
                "priority": 1001,
                "protocol": "Tcp",
                "source_address_prefix": "*",
                "source_address_prefixes": [],
                "source_application_security_group_ids": [],
                "source_port_range": "*",
                "source_port_ranges": []
              }
            ],
            "tags": {},
            "timeouts": null
          },
          "sensitive_attributes": [],
          "private": "eyJlMmJmYjczMC1lY2FhLTExZTYtOGY4OC0zNDM2M2JjN2M0YzAiOnsiY3JlYXRlIjoxODAwMDAwMDAwMDAwLCJkZWxldGUiOjE4MDAwMDAwMDAwMDAsInJlYWQiOjMwMDAwMDAwMDAwMCwidXBkYXRlIjoxODAwMDAwMDAwMDAwfX0=",
          "dependencies": [
            "azurerm_resource_group.rg",
            "random_pet.prefix"
          ]
        }
      ]
    },
    {
      "mode": "managed",
      "type": "azurerm_public_ip",
      "name": "my_terraform_public_ip",
      "provider": "provider[\"registry.terraform.io/hashicorp/azurerm\"]",
      "instances": [
        {
          "schema_version": 0,
          "attributes": {
            "allocation_method": "Dynamic",
            "domain_name_label": null,
            "edge_zone": "",
            "fqdn": null,
            "id": "/subscriptions/c03bcbf0-1d94-4574-b314-20c75a5b3fb6/resourceGroups/win-vm-iis-gnat-rg/providers/Microsoft.Network/publicIPAddresses/win-vm-iis-gnat-public-ip",
            "idle_timeout_in_minutes": 4,
            "ip_address": "",
            "ip_tags": {},
            "ip_version": "IPv4",
            "location": "eastus",
            "name": "win-vm-iis-gnat-public-ip",
            "public_ip_prefix_id": null,
            "resource_group_name": "win-vm-iis-gnat-rg",
            "reverse_fqdn": null,
            "sku": "Basic",
            "sku_tier": "Regional",
            "tags": {},
            "timeouts": null,
            "zones": []
          },
          "sensitive_attributes": [],
          "private": "eyJlMmJmYjczMC1lY2FhLTExZTYtOGY4OC0zNDM2M2JjN2M0YzAiOnsiY3JlYXRlIjoxODAwMDAwMDAwMDAwLCJkZWxldGUiOjE4MDAwMDAwMDAwMDAsInJlYWQiOjMwMDAwMDAwMDAwMCwidXBkYXRlIjoxODAwMDAwMDAwMDAwfX0=",
          "dependencies": [
            "azurerm_resource_group.rg",
            "random_pet.prefix"
          ]
        }
      ]
    },
    {
      "mode": "managed",
      "type": "azurerm_resource_group",
      "name": "rg",
      "provider": "provider[\"registry.terraform.io/hashicorp/azurerm\"]",
      "instances": [
        {
          "schema_version": 0,
          "attributes": {
            "id": "/subscriptions/c03bcbf0-1d94-4574-b314-20c75a5b3fb6/resourceGroups/win-vm-iis-gnat-rg",
            "location": "eastus",
            "name": "win-vm-iis-gnat-rg",
            "tags": {},
            "timeouts": null
          },
          "sensitive_attributes": [],
          "private": "eyJlMmJmYjczMC1lY2FhLTExZTYtOGY4OC0zNDM2M2JjN2M0YzAiOnsiY3JlYXRlIjo1NDAwMDAwMDAwMDAwLCJkZWxldGUiOjU0MDAwMDAwMDAwMDAsInJlYWQiOjMwMDAwMDAwMDAwMCwidXBkYXRlIjo1NDAwMDAwMDAwMDAwfX0=",
          "dependencies": [
            "random_pet.prefix"
          ]
        }
      ]
    },
    {
      "mode": "managed",
      "type": "azurerm_storage_account",
      "name": "my_storage_account",
      "provider": "provider[\"registry.terraform.io/hashicorp/azurerm\"]",
      "instances": [
        {
          "schema_version": 3,
          "attributes": {
            "access_tier": "Hot",
            "account_kind": "StorageV2",
            "account_replication_type": "LRS",
            "account_tier": "Standard",
            "allow_nested_items_to_be_public": true,
            "azure_files_authentication": [],
            "blob_properties": [
              {
                "change_feed_enabled": false,
                "container_delete_retention_policy": [],
                "cors_rule": [],
                "default_service_version": "",
                "delete_retention_policy": [],
                "last_access_time_enabled": false,
                "versioning_enabled": false
              }
            ],
            "custom_domain": [],
            "customer_managed_key": [],
            "edge_zone": "",
            "enable_https_traffic_only": true,
            "id": "/subscriptions/c03bcbf0-1d94-4574-b314-20c75a5b3fb6/resourceGroups/win-vm-iis-gnat-rg/providers/Microsoft.Storage/storageAccounts/diagc3ba921c8f0eb271",
            "identity": [],
            "infrastructure_encryption_enabled": false,
            "is_hns_enabled": false,
            "large_file_share_enabled": null,
            "location": "eastus",
            "min_tls_version": "TLS1_2",
            "name": "diagc3ba921c8f0eb271",
            "network_rules": [
              {
                "bypass": [
                  "AzureServices"
                ],
                "default_action": "Allow",
                "ip_rules": [],
                "private_link_access": [],
                "virtual_network_subnet_ids": []
              }
            ],
            "nfsv3_enabled": false,
            "primary_access_key": "byX+gPz3kQ+CVwCl1lZDkCUxNzwXVOr+13MhxMHJ5mStjZl9wfNhBuybM5QqyGO2VO0xQVlucnKZ+AStBC3lxQ==",
            "primary_blob_connection_string": "DefaultEndpointsProtocol=https;BlobEndpoint=https://diagc3ba921c8f0eb271.blob.core.windows.net/;AccountName=diagc3ba921c8f0eb271;AccountKey=byX+gPz3kQ+CVwCl1lZDkCUxNzwXVOr+13MhxMHJ5mStjZl9wfNhBuybM5QqyGO2VO0xQVlucnKZ+AStBC3lxQ==",
            "primary_blob_endpoint": "https://diagc3ba921c8f0eb271.blob.core.windows.net/",
            "primary_blob_host": "diagc3ba921c8f0eb271.blob.core.windows.net",
            "primary_connection_string": "DefaultEndpointsProtocol=https;AccountName=diagc3ba921c8f0eb271;AccountKey=byX+gPz3kQ+CVwCl1lZDkCUxNzwXVOr+13MhxMHJ5mStjZl9wfNhBuybM5QqyGO2VO0xQVlucnKZ+AStBC3lxQ==;EndpointSuffix=core.windows.net",
            "primary_dfs_endpoint": "https://diagc3ba921c8f0eb271.dfs.core.windows.net/",
            "primary_dfs_host": "diagc3ba921c8f0eb271.dfs.core.windows.net",
            "primary_file_endpoint": "https://diagc3ba921c8f0eb271.file.core.windows.net/",
            "primary_file_host": "diagc3ba921c8f0eb271.file.core.windows.net",
            "primary_location": "eastus",
            "primary_queue_endpoint": "https://diagc3ba921c8f0eb271.queue.core.windows.net/",
            "primary_queue_host": "diagc3ba921c8f0eb271.queue.core.windows.net",
            "primary_table_endpoint": "https://diagc3ba921c8f0eb271.table.core.windows.net/",
            "primary_table_host": "diagc3ba921c8f0eb271.table.core.windows.net",
            "primary_web_endpoint": "https://diagc3ba921c8f0eb271.z13.web.core.windows.net/",
            "primary_web_host": "diagc3ba921c8f0eb271.z13.web.core.windows.net",
            "queue_encryption_key_type": "Service",
            "queue_properties": [
              {
                "cors_rule": [],
                "hour_metrics": [
                  {
                    "enabled": true,
                    "include_apis": true,
                    "retention_policy_days": 7,
                    "version": "1.0"
                  }
                ],
                "logging": [
                  {
                    "delete": false,
                    "read": false,
                    "retention_policy_days": 0,
                    "version": "1.0",
                    "write": false
                  }
                ],
                "minute_metrics": [
                  {
                    "enabled": false,
                    "include_apis": false,
                    "retention_policy_days": 0,
                    "version": "1.0"
                  }
                ]
              }
            ],
            "resource_group_name": "win-vm-iis-gnat-rg",
            "routing": [],
            "secondary_access_key": "qkZBiS6kwyl1RHyf88IQHC6Q6aHc44RuWzAYWNF7jbVa/rw28CIKfZtlnUAVZUUUNcYj4u+cK44s+AStqIslbA==",
            "secondary_blob_connection_string": "",
            "secondary_blob_endpoint": null,
            "secondary_blob_host": null,
            "secondary_connection_string": "DefaultEndpointsProtocol=https;AccountName=diagc3ba921c8f0eb271;AccountKey=qkZBiS6kwyl1RHyf88IQHC6Q6aHc44RuWzAYWNF7jbVa/rw28CIKfZtlnUAVZUUUNcYj4u+cK44s+AStqIslbA==;EndpointSuffix=core.windows.net",
            "secondary_dfs_endpoint": null,
            "secondary_dfs_host": null,
            "secondary_file_endpoint": null,
            "secondary_file_host": null,
            "secondary_location": "",
            "secondary_queue_endpoint": null,
            "secondary_queue_host": null,
            "secondary_table_endpoint": null,
            "secondary_table_host": null,
            "secondary_web_endpoint": null,
            "secondary_web_host": null,
            "share_properties": [
              {
                "cors_rule": [],
                "retention_policy": [
                  {
                    "days": 7
                  }
                ],
                "smb": []
              }
            ],
            "shared_access_key_enabled": true,
            "static_website": [],
            "table_encryption_key_type": "Service",
            "tags": {},
            "timeouts": null
          },
          "sensitive_attributes": [],
          "private": "eyJlMmJmYjczMC1lY2FhLTExZTYtOGY4OC0zNDM2M2JjN2M0YzAiOnsiY3JlYXRlIjozNjAwMDAwMDAwMDAwLCJkZWxldGUiOjM2MDAwMDAwMDAwMDAsInJlYWQiOjMwMDAwMDAwMDAwMCwidXBkYXRlIjozNjAwMDAwMDAwMDAwfSwic2NoZW1hX3ZlcnNpb24iOiIzIn0=",
          "dependencies": [
            "azurerm_resource_group.rg",
            "random_id.random_id",
            "random_pet.prefix"
          ]
        }
      ]
    },
    {
      "mode": "managed",
      "type": "azurerm_subnet",
      "name": "my_terraform_subnet",
      "provider": "provider[\"registry.terraform.io/hashicorp/azurerm\"]",
      "instances": [
        {
          "schema_version": 0,
          "attributes": {
            "address_prefixes": [
              "10.0.1.0/24"
            ],
            "delegation": [],
            "enforce_private_link_endpoint_network_policies": false,
            "enforce_private_link_service_network_policies": false,
            "id": "/subscriptions/c03bcbf0-1d94-4574-b314-20c75a5b3fb6/resourceGroups/win-vm-iis-gnat-rg/providers/Microsoft.Network/virtualNetworks/win-vm-iis-gnat-vnet/subnets/win-vm-iis-gnat-subnet",
            "name": "win-vm-iis-gnat-subnet",
            "resource_group_name": "win-vm-iis-gnat-rg",
            "service_endpoint_policy_ids": [],
            "service_endpoints": [],
            "timeouts": null,
            "virtual_network_name": "win-vm-iis-gnat-vnet"
          },
          "sensitive_attributes": [],
          "private": "eyJlMmJmYjczMC1lY2FhLTExZTYtOGY4OC0zNDM2M2JjN2M0YzAiOnsiY3JlYXRlIjoxODAwMDAwMDAwMDAwLCJkZWxldGUiOjE4MDAwMDAwMDAwMDAsInJlYWQiOjMwMDAwMDAwMDAwMCwidXBkYXRlIjoxODAwMDAwMDAwMDAwfX0=",
          "dependencies": [
            "azurerm_resource_group.rg",
            "azurerm_virtual_network.my_terraform_network",
            "random_pet.prefix"
          ]
        }
      ]
    },
    {
      "mode": "managed",
      "type": "azurerm_virtual_network",
      "name": "my_terraform_network",
      "provider": "provider[\"registry.terraform.io/hashicorp/azurerm\"]",
      "instances": [
        {
          "schema_version": 0,
          "attributes": {
            "address_space": [
              "10.0.0.0/16"
            ],
            "bgp_community": "",
            "ddos_protection_plan": [],
            "dns_servers": [],
            "edge_zone": "",
            "flow_timeout_in_minutes": 0,
            "guid": "2a98b5a0-a846-4846-ad01-ee114674baa2",
            "id": "/subscriptions/c03bcbf0-1d94-4574-b314-20c75a5b3fb6/resourceGroups/win-vm-iis-gnat-rg/providers/Microsoft.Network/virtualNetworks/win-vm-iis-gnat-vnet",
            "location": "eastus",
            "name": "win-vm-iis-gnat-vnet",
            "resource_group_name": "win-vm-iis-gnat-rg",
            "subnet": [
              {
                "address_prefix": "10.0.1.0/24",
                "id": "/subscriptions/c03bcbf0-1d94-4574-b314-20c75a5b3fb6/resourceGroups/win-vm-iis-gnat-rg/providers/Microsoft.Network/virtualNetworks/win-vm-iis-gnat-vnet/subnets/win-vm-iis-gnat-subnet",
                "name": "win-vm-iis-gnat-subnet",
                "security_group": ""
              }
            ],
            "tags": {},
            "timeouts": null
          },
          "sensitive_attributes": [],
          "private": "eyJlMmJmYjczMC1lY2FhLTExZTYtOGY4OC0zNDM2M2JjN2M0YzAiOnsiY3JlYXRlIjoxODAwMDAwMDAwMDAwLCJkZWxldGUiOjE4MDAwMDAwMDAwMDAsInJlYWQiOjMwMDAwMDAwMDAwMCwidXBkYXRlIjoxODAwMDAwMDAwMDAwfX0=",
          "dependencies": [
            "azurerm_resource_group.rg",
            "random_pet.prefix"
          ]
        }
      ]
    },
    {
      "mode": "managed",
      "type": "random_id",
      "name": "random_id",
      "provider": "provider[\"registry.terraform.io/hashicorp/random\"]",
      "instances": [
        {
          "schema_version": 0,
          "attributes": {
            "b64_std": "w7qSHI8OsnE=",
            "b64_url": "w7qSHI8OsnE",
            "byte_length": 8,
            "dec": "14103745834420974193",
            "hex": "c3ba921c8f0eb271",
            "id": "w7qSHI8OsnE",
            "keepers": {
              "resource_group": "win-vm-iis-gnat-rg"
            },
            "prefix": null
          },
          "sensitive_attributes": [],
          "dependencies": [
            "azurerm_resource_group.rg",
            "random_pet.prefix"
          ]
        }
      ]
    },
    {
      "mode": "managed",
      "type": "random_password",
      "name": "password",
      "provider": "provider[\"registry.terraform.io/hashicorp/random\"]",
      "instances": [
        {
          "schema_version": 3,
          "attributes": {
            "bcrypt_hash": "$2a$10$UBNU9TJSxAXd/9HuAGR6FOH/lHebD6lX.066fxtFIBYu0SzfXedZ2",
            "id": "none",
            "keepers": null,
            "length": 20,
            "lower": true,
            "min_lower": 1,
            "min_numeric": 1,
            "min_special": 1,
            "min_upper": 1,
            "number": true,
            "numeric": true,
            "override_special": null,
            "result": "Av\u00264yXxkZOw\u003eLkK?3b{x",
            "special": true,
            "upper": true
          },
          "sensitive_attributes": []
        }
      ]
    },
    {
      "mode": "managed",
      "type": "random_pet",
      "name": "prefix",
      "provider": "provider[\"registry.terraform.io/hashicorp/random\"]",
      "instances": [
        {
          "schema_version": 0,
          "attributes": {
            "id": "win-vm-iis-gnat",
            "keepers": null,
            "length": 1,
            "prefix": "win-vm-iis",
            "separator": "-"
          },
          "sensitive_attributes": []
        }
      ]
    }
  ],
  "check_results": null
}
